
Microsoft Visual Studio Solution File, Format Version 12.00
# Visual Studio 14
VisualStudioVersion = 14.0.25420.1
MinimumVisualStudioVersion = 10.0.40219.1
Project("{FAE04EC0-301F-11D3-BF4B-00C04F79EFBC}") = "MoviePicker", "MoviePicker\MoviePicker.csproj", "{FB01C56F-1F93-4174-9D64-154F23B92691}"
EndProject
Project("{FAE04EC0-301F-11D3-BF4B-00C04F79EFBC}") = "MoviePicker.Tests", "MoviePicker.Tests\MoviePicker.Tests.csproj", "{F53C5B2D-DCE7-4BC2-BA98-55C2CC474BE2}"
EndProject
Project("{FAE04EC0-301F-11D3-BF4B-00C04F79EFBC}") = "MovieMiner", "MovieMiner\MovieMiner.csproj", "{1213DD7E-2ADE-4D0B-9E36-7C4552B24612}"
EndProject
Project("{2150E333-8FDC-42A3-9474-1A3956D46DE8}") = "Solution Items", "Solution Items", "{675F6756-FA0A-42ED-BEF4-1E1EBB81E1E6}"
	ProjectSection(SolutionItems) = preProject
		README.md = README.md
	EndProjectSection
EndProject
Project("{FAE04EC0-301F-11D3-BF4B-00C04F79EFBC}") = "MoviePicker.Common", "MoviePicker.Common\MoviePicker.Common.csproj", "{C413BA12-DCD8-485E-B008-087BA02004CB}"
EndProject
Project("{FAE04EC0-301F-11D3-BF4B-00C04F79EFBC}") = "MoviePicker.Msf", "MoviePicker.Msf\MoviePicker.Msf.csproj", "{420FCF88-E38D-46EE-A4DE-BE87042D5B1B}"
EndProject
Project("{FAE04EC0-301F-11D3-BF4B-00C04F79EFBC}") = "XUnitTests", "XUnitTests\XUnitTests.csproj", "{C3CC820E-D9E7-4679-980B-FA67EE6AD965}"
EndProject
Project("{FAE04EC0-301F-11D3-BF4B-00C04F79EFBC}") = "MoviePicker.Simulations", "MoviePicker.Simulations\MoviePicker.Simulations.csproj", "{C337051A-A8D2-4A45-91A5-9D3074A14313}"
EndProject
Project("{FAE04EC0-301F-11D3-BF4B-00C04F79EFBC}") = "TestRunner", "TestRunner\TestRunner.csproj", "{EAF16F79-E857-4DD7-8DEF-6937A8140DFD}"
EndProject
Project("{FAE04EC0-301F-11D3-BF4B-00C04F79EFBC}") = "MovieMiner.Tests", "MovieMiner.Tests\MovieMiner.Tests.csproj", "{8A196C39-2AB8-4A6C-8094-BCFDABD6827C}"
EndProject
Global
	GlobalSection(SolutionConfigurationPlatforms) = preSolution
		Debug|Any CPU = Debug|Any CPU
		Debug|ARM = Debug|ARM
		Debug|x64 = Debug|x64
		Debug|x86 = Debug|x86
		Release|Any CPU = Release|Any CPU
		Release|ARM = Release|ARM
		Release|x64 = Release|x64
		Release|x86 = Release|x86
	EndGlobalSection
	GlobalSection(ProjectConfigurationPlatforms) = postSolution
		{FB01C56F-1F93-4174-9D64-154F23B92691}.Debug|Any CPU.ActiveCfg = Debug|Any CPU
		{FB01C56F-1F93-4174-9D64-154F23B92691}.Debug|Any CPU.Build.0 = Debug|Any CPU
		{FB01C56F-1F93-4174-9D64-154F23B92691}.Debug|ARM.ActiveCfg = Debug|Any CPU
		{FB01C56F-1F93-4174-9D64-154F23B92691}.Debug|ARM.Build.0 = Debug|Any CPU
		{FB01C56F-1F93-4174-9D64-154F23B92691}.Debug|x64.ActiveCfg = Debug|Any CPU
		{FB01C56F-1F93-4174-9D64-154F23B92691}.Debug|x64.Build.0 = Debug|Any CPU
		{FB01C56F-1F93-4174-9D64-154F23B92691}.Debug|x86.ActiveCfg = Debug|Any CPU
		{FB01C56F-1F93-4174-9D64-154F23B92691}.Debug|x86.Build.0 = Debug|Any CPU
		{FB01C56F-1F93-4174-9D64-154F23B92691}.Release|Any CPU.ActiveCfg = Release|Any CPU
		{FB01C56F-1F93-4174-9D64-154F23B92691}.Release|Any CPU.Build.0 = Release|Any CPU
		{FB01C56F-1F93-4174-9D64-154F23B92691}.Release|ARM.ActiveCfg = Release|Any CPU
		{FB01C56F-1F93-4174-9D64-154F23B92691}.Release|ARM.Build.0 = Release|Any CPU
		{FB01C56F-1F93-4174-9D64-154F23B92691}.Release|x64.ActiveCfg = Release|Any CPU
		{FB01C56F-1F93-4174-9D64-154F23B92691}.Release|x64.Build.0 = Release|Any CPU
		{FB01C56F-1F93-4174-9D64-154F23B92691}.Release|x86.ActiveCfg = Release|Any CPU
		{FB01C56F-1F93-4174-9D64-154F23B92691}.Release|x86.Build.0 = Release|Any CPU
		{F53C5B2D-DCE7-4BC2-BA98-55C2CC474BE2}.Debug|Any CPU.ActiveCfg = Debug|Any CPU
		{F53C5B2D-DCE7-4BC2-BA98-55C2CC474BE2}.Debug|Any CPU.Build.0 = Debug|Any CPU
		{F53C5B2D-DCE7-4BC2-BA98-55C2CC474BE2}.Debug|ARM.ActiveCfg = Debug|Any CPU
		{F53C5B2D-DCE7-4BC2-BA98-55C2CC474BE2}.Debug|ARM.Build.0 = Debug|Any CPU
		{F53C5B2D-DCE7-4BC2-BA98-55C2CC474BE2}.Debug|x64.ActiveCfg = Debug|Any CPU
		{F53C5B2D-DCE7-4BC2-BA98-55C2CC474BE2}.Debug|x64.Build.0 = Debug|Any CPU
		{F53C5B2D-DCE7-4BC2-BA98-55C2CC474BE2}.Debug|x86.ActiveCfg = Debug|Any CPU
		{F53C5B2D-DCE7-4BC2-BA98-55C2CC474BE2}.Debug|x86.Build.0 = Debug|Any CPU
		{F53C5B2D-DCE7-4BC2-BA98-55C2CC474BE2}.Release|Any CPU.ActiveCfg = Release|Any CPU
		{F53C5B2D-DCE7-4BC2-BA98-55C2CC474BE2}.Release|Any CPU.Build.0 = Release|Any CPU
		{F53C5B2D-DCE7-4BC2-BA98-55C2CC474BE2}.Release|ARM.ActiveCfg = Release|Any CPU
		{F53C5B2D-DCE7-4BC2-BA98-55C2CC474BE2}.Release|ARM.Build.0 = Release|Any CPU
		{F53C5B2D-DCE7-4BC2-BA98-55C2CC474BE2}.Release|x64.ActiveCfg = Release|Any CPU
		{F53C5B2D-DCE7-4BC2-BA98-55C2CC474BE2}.Release|x64.Build.0 = Release|Any CPU
		{F53C5B2D-DCE7-4BC2-BA98-55C2CC474BE2}.Release|x86.ActiveCfg = Release|Any CPU
		{F53C5B2D-DCE7-4BC2-BA98-55C2CC474BE2}.Release|x86.Build.0 = Release|Any CPU
		{1213DD7E-2ADE-4D0B-9E36-7C4552B24612}.Debug|Any CPU.ActiveCfg = Debug|Any CPU
		{1213DD7E-2ADE-4D0B-9E36-7C4552B24612}.Debug|Any CPU.Build.0 = Debug|Any CPU
		{1213DD7E-2ADE-4D0B-9E36-7C4552B24612}.Debug|ARM.ActiveCfg = Debug|Any CPU
		{1213DD7E-2ADE-4D0B-9E36-7C4552B24612}.Debug|ARM.Build.0 = Debug|Any CPU
		{1213DD7E-2ADE-4D0B-9E36-7C4552B24612}.Debug|x64.ActiveCfg = Debug|Any CPU
		{1213DD7E-2ADE-4D0B-9E36-7C4552B24612}.Debug|x64.Build.0 = Debug|Any CPU
		{1213DD7E-2ADE-4D0B-9E36-7C4552B24612}.Debug|x86.ActiveCfg = Debug|Any CPU
		{1213DD7E-2ADE-4D0B-9E36-7C4552B24612}.Debug|x86.Build.0 = Debug|Any CPU
		{1213DD7E-2ADE-4D0B-9E36-7C4552B24612}.Release|Any CPU.ActiveCfg = Release|Any CPU
		{1213DD7E-2ADE-4D0B-9E36-7C4552B24612}.Release|Any CPU.Build.0 = Release|Any CPU
		{1213DD7E-2ADE-4D0B-9E36-7C4552B24612}.Release|ARM.ActiveCfg = Release|Any CPU
		{1213DD7E-2ADE-4D0B-9E36-7C4552B24612}.Release|ARM.Build.0 = Release|Any CPU
		{1213DD7E-2ADE-4D0B-9E36-7C4552B24612}.Release|x64.ActiveCfg = Release|Any CPU
		{1213DD7E-2ADE-4D0B-9E36-7C4552B24612}.Release|x64.Build.0 = Release|Any CPU
		{1213DD7E-2ADE-4D0B-9E36-7C4552B24612}.Release|x86.ActiveCfg = Release|Any CPU
		{1213DD7E-2ADE-4D0B-9E36-7C4552B24612}.Release|x86.Build.0 = Release|Any CPU
		{C413BA12-DCD8-485E-B008-087BA02004CB}.Debug|Any CPU.ActiveCfg = Debug|Any CPU
		{C413BA12-DCD8-485E-B008-087BA02004CB}.Debug|Any CPU.Build.0 = Debug|Any CPU
		{C413BA12-DCD8-485E-B008-087BA02004CB}.Debug|ARM.ActiveCfg = Debug|Any CPU
		{C413BA12-DCD8-485E-B008-087BA02004CB}.Debug|ARM.Build.0 = Debug|Any CPU
		{C413BA12-DCD8-485E-B008-087BA02004CB}.Debug|x64.ActiveCfg = Debug|Any CPU
		{C413BA12-DCD8-485E-B008-087BA02004CB}.Debug|x64.Build.0 = Debug|Any CPU
		{C413BA12-DCD8-485E-B008-087BA02004CB}.Debug|x86.ActiveCfg = Debug|Any CPU
		{C413BA12-DCD8-485E-B008-087BA02004CB}.Debug|x86.Build.0 = Debug|Any CPU
		{C413BA12-DCD8-485E-B008-087BA02004CB}.Release|Any CPU.ActiveCfg = Release|Any CPU
		{C413BA12-DCD8-485E-B008-087BA02004CB}.Release|Any CPU.Build.0 = Release|Any CPU
		{C413BA12-DCD8-485E-B008-087BA02004CB}.Release|ARM.ActiveCfg = Release|Any CPU
		{C413BA12-DCD8-485E-B008-087BA02004CB}.Release|ARM.Build.0 = Release|Any CPU
		{C413BA12-DCD8-485E-B008-087BA02004CB}.Release|x64.ActiveCfg = Release|Any CPU
		{C413BA12-DCD8-485E-B008-087BA02004CB}.Release|x64.Build.0 = Release|Any CPU
		{C413BA12-DCD8-485E-B008-087BA02004CB}.Release|x86.ActiveCfg = Release|Any CPU
		{C413BA12-DCD8-485E-B008-087BA02004CB}.Release|x86.Build.0 = Release|Any CPU
		{420FCF88-E38D-46EE-A4DE-BE87042D5B1B}.Debug|Any CPU.ActiveCfg = Debug|Any CPU
		{420FCF88-E38D-46EE-A4DE-BE87042D5B1B}.Debug|Any CPU.Build.0 = Debug|Any CPU
		{420FCF88-E38D-46EE-A4DE-BE87042D5B1B}.Debug|ARM.ActiveCfg = Debug|Any CPU
		{420FCF88-E38D-46EE-A4DE-BE87042D5B1B}.Debug|ARM.Build.0 = Debug|Any CPU
		{420FCF88-E38D-46EE-A4DE-BE87042D5B1B}.Debug|x64.ActiveCfg = Debug|Any CPU
		{420FCF88-E38D-46EE-A4DE-BE87042D5B1B}.Debug|x64.Build.0 = Debug|Any CPU
		{420FCF88-E38D-46EE-A4DE-BE87042D5B1B}.Debug|x86.ActiveCfg = Debug|Any CPU
		{420FCF88-E38D-46EE-A4DE-BE87042D5B1B}.Debug|x86.Build.0 = Debug|Any CPU
		{420FCF88-E38D-46EE-A4DE-BE87042D5B1B}.Release|Any CPU.ActiveCfg = Release|Any CPU
		{420FCF88-E38D-46EE-A4DE-BE87042D5B1B}.Release|Any CPU.Build.0 = Release|Any CPU
		{420FCF88-E38D-46EE-A4DE-BE87042D5B1B}.Release|ARM.ActiveCfg = Release|Any CPU
		{420FCF88-E38D-46EE-A4DE-BE87042D5B1B}.Release|ARM.Build.0 = Release|Any CPU
		{420FCF88-E38D-46EE-A4DE-BE87042D5B1B}.Release|x64.ActiveCfg = Release|Any CPU
		{420FCF88-E38D-46EE-A4DE-BE87042D5B1B}.Release|x64.Build.0 = Release|Any CPU
		{420FCF88-E38D-46EE-A4DE-BE87042D5B1B}.Release|x86.ActiveCfg = Release|Any CPU
		{420FCF88-E38D-46EE-A4DE-BE87042D5B1B}.Release|x86.Build.0 = Release|Any CPU
		{C3CC820E-D9E7-4679-980B-FA67EE6AD965}.Debug|Any CPU.ActiveCfg = Debug|Any CPU
		{C3CC820E-D9E7-4679-980B-FA67EE6AD965}.Debug|Any CPU.Build.0 = Debug|Any CPU
		{C3CC820E-D9E7-4679-980B-FA67EE6AD965}.Debug|ARM.ActiveCfg = Debug|Any CPU
		{C3CC820E-D9E7-4679-980B-FA67EE6AD965}.Debug|ARM.Build.0 = Debug|Any CPU
		{C3CC820E-D9E7-4679-980B-FA67EE6AD965}.Debug|x64.ActiveCfg = Debug|Any CPU
		{C3CC820E-D9E7-4679-980B-FA67EE6AD965}.Debug|x64.Build.0 = Debug|Any CPU
		{C3CC820E-D9E7-4679-980B-FA67EE6AD965}.Debug|x86.ActiveCfg = Debug|Any CPU
		{C3CC820E-D9E7-4679-980B-FA67EE6AD965}.Debug|x86.Build.0 = Debug|Any CPU
		{C3CC820E-D9E7-4679-980B-FA67EE6AD965}.Release|Any CPU.ActiveCfg = Release|Any CPU
		{C3CC820E-D9E7-4679-980B-FA67EE6AD965}.Release|Any CPU.Build.0 = Release|Any CPU
		{C3CC820E-D9E7-4679-980B-FA67EE6AD965}.Release|ARM.ActiveCfg = Release|Any CPU
		{C3CC820E-D9E7-4679-980B-FA67EE6AD965}.Release|ARM.Build.0 = Release|Any CPU
		{C3CC820E-D9E7-4679-980B-FA67EE6AD965}.Release|x64.ActiveCfg = Release|Any CPU
		{C3CC820E-D9E7-4679-980B-FA67EE6AD965}.Release|x64.Build.0 = Release|Any CPU
		{C3CC820E-D9E7-4679-980B-FA67EE6AD965}.Release|x86.ActiveCfg = Release|Any CPU
		{C3CC820E-D9E7-4679-980B-FA67EE6AD965}.Release|x86.Build.0 = Release|Any CPU
		{C337051A-A8D2-4A45-91A5-9D3074A14313}.Debug|Any CPU.ActiveCfg = Debug|Any CPU
		{C337051A-A8D2-4A45-91A5-9D3074A14313}.Debug|Any CPU.Build.0 = Debug|Any CPU
		{C337051A-A8D2-4A45-91A5-9D3074A14313}.Debug|ARM.ActiveCfg = Debug|Any CPU
		{C337051A-A8D2-4A45-91A5-9D3074A14313}.Debug|ARM.Build.0 = Debug|Any CPU
		{C337051A-A8D2-4A45-91A5-9D3074A14313}.Debug|x64.ActiveCfg = Debug|Any CPU
		{C337051A-A8D2-4A45-91A5-9D3074A14313}.Debug|x64.Build.0 = Debug|Any CPU
		{C337051A-A8D2-4A45-91A5-9D3074A14313}.Debug|x86.ActiveCfg = Debug|Any CPU
		{C337051A-A8D2-4A45-91A5-9D3074A14313}.Debug|x86.Build.0 = Debug|Any CPU
		{C337051A-A8D2-4A45-91A5-9D3074A14313}.Release|Any CPU.ActiveCfg = Release|Any CPU
		{C337051A-A8D2-4A45-91A5-9D3074A14313}.Release|Any CPU.Build.0 = Release|Any CPU
		{C337051A-A8D2-4A45-91A5-9D3074A14313}.Release|ARM.ActiveCfg = Release|Any CPU
		{C337051A-A8D2-4A45-91A5-9D3074A14313}.Release|ARM.Build.0 = Release|Any CPU
		{C337051A-A8D2-4A45-91A5-9D3074A14313}.Release|x64.ActiveCfg = Release|Any CPU
		{C337051A-A8D2-4A45-91A5-9D3074A14313}.Release|x64.Build.0 = Release|Any CPU
		{C337051A-A8D2-4A45-91A5-9D3074A14313}.Release|x86.ActiveCfg = Release|Any CPU
		{C337051A-A8D2-4A45-91A5-9D3074A14313}.Release|x86.Build.0 = Release|Any CPU
		{EAF16F79-E857-4DD7-8DEF-6937A8140DFD}.Debug|Any CPU.ActiveCfg = Debug|Any CPU
		{EAF16F79-E857-4DD7-8DEF-6937A8140DFD}.Debug|Any CPU.Build.0 = Debug|Any CPU
		{EAF16F79-E857-4DD7-8DEF-6937A8140DFD}.Debug|ARM.ActiveCfg = Debug|Any CPU
		{EAF16F79-E857-4DD7-8DEF-6937A8140DFD}.Debug|ARM.Build.0 = Debug|Any CPU
		{EAF16F79-E857-4DD7-8DEF-6937A8140DFD}.Debug|x64.ActiveCfg = Debug|Any CPU
		{EAF16F79-E857-4DD7-8DEF-6937A8140DFD}.Debug|x64.Build.0 = Debug|Any CPU
		{EAF16F79-E857-4DD7-8DEF-6937A8140DFD}.Debug|x86.ActiveCfg = Debug|Any CPU
		{EAF16F79-E857-4DD7-8DEF-6937A8140DFD}.Debug|x86.Build.0 = Debug|Any CPU
		{EAF16F79-E857-4DD7-8DEF-6937A8140DFD}.Release|Any CPU.ActiveCfg = Release|Any CPU
		{EAF16F79-E857-4DD7-8DEF-6937A8140DFD}.Release|Any CPU.Build.0 = Release|Any CPU
		{EAF16F79-E857-4DD7-8DEF-6937A8140DFD}.Release|ARM.ActiveCfg = Release|Any CPU
		{EAF16F79-E857-4DD7-8DEF-6937A8140DFD}.Release|ARM.Build.0 = Release|Any CPU
		{EAF16F79-E857-4DD7-8DEF-6937A8140DFD}.Release|x64.ActiveCfg = Release|Any CPU
		{EAF16F79-E857-4DD7-8DEF-6937A8140DFD}.Release|x64.Build.0 = Release|Any CPU
		{EAF16F79-E857-4DD7-8DEF-6937A8140DFD}.Release|x86.ActiveCfg = Release|Any CPU
		{EAF16F79-E857-4DD7-8DEF-6937A8140DFD}.Release|x86.Build.0 = Release|Any CPU
		{8A196C39-2AB8-4A6C-8094-BCFDABD6827C}.Debug|Any CPU.ActiveCfg = Debug|Any CPU
		{8A196C39-2AB8-4A6C-8094-BCFDABD6827C}.Debug|Any CPU.Build.0 = Debug|Any CPU
		{8A196C39-2AB8-4A6C-8094-BCFDABD6827C}.Debug|ARM.ActiveCfg = Debug|Any CPU
		{8A196C39-2AB8-4A6C-8094-BCFDABD6827C}.Debug|ARM.Build.0 = Debug|Any CPU
		{8A196C39-2AB8-4A6C-8094-BCFDABD6827C}.Debug|x64.ActiveCfg = Debug|Any CPU
		{8A196C39-2AB8-4A6C-8094-BCFDABD6827C}.Debug|x64.Build.0 = Debug|Any CPU
		{8A196C39-2AB8-4A6C-8094-BCFDABD6827C}.Debug|x86.ActiveCfg = Debug|Any CPU
		{8A196C39-2AB8-4A6C-8094-BCFDABD6827C}.Debug|x86.Build.0 = Debug|Any CPU
		{8A196C39-2AB8-4A6C-8094-BCFDABD6827C}.Release|Any CPU.ActiveCfg = Release|Any CPU
		{8A196C39-2AB8-4A6C-8094-BCFDABD6827C}.Release|Any CPU.Build.0 = Release|Any CPU
		{8A196C39-2AB8-4A6C-8094-BCFDABD6827C}.Release|ARM.ActiveCfg = Release|Any CPU
		{8A196C39-2AB8-4A6C-8094-BCFDABD6827C}.Release|ARM.Build.0 = Release|Any CPU
		{8A196C39-2AB8-4A6C-8094-BCFDABD6827C}.Release|x64.ActiveCfg = Release|Any CPU
		{8A196C39-2AB8-4A6C-8094-BCFDABD6827C}.Release|x64.Build.0 = Release|Any CPU
		{8A196C39-2AB8-4A6C-8094-BCFDABD6827C}.Release|x86.ActiveCfg = Release|Any CPU
		{8A196C39-2AB8-4A6C-8094-BCFDABD6827C}.Release|x86.Build.0 = Release|Any CPU
	EndGlobalSection
	GlobalSection(SolutionProperties) = preSolution
		HideSolutionNode = FALSE
	EndGlobalSection
EndGlobal
